// !$*UTF8*$!
{
	archiveVersion = 1;
	classes = {
	};
	objectVersion = 50;
	objects = {

/* Begin PBXBuildFile section */
		CC26BCDA243E2E5D00FA2F78 /* AppDelegate.swift in Sources */ = {isa = PBXBuildFile; fileRef = CC26BCD9243E2E5D00FA2F78 /* AppDelegate.swift */; };
		CC26BCDC243E2E5D00FA2F78 /* ViewController.swift in Sources */ = {isa = PBXBuildFile; fileRef = CC26BCDB243E2E5D00FA2F78 /* ViewController.swift */; };
		CC26BCDF243E2E5D00FA2F78 /* Main.storyboard in Resources */ = {isa = PBXBuildFile; fileRef = CC26BCDD243E2E5D00FA2F78 /* Main.storyboard */; };
		CC26BCE1243E2E6000FA2F78 /* Assets.xcassets in Resources */ = {isa = PBXBuildFile; fileRef = CC26BCE0243E2E6000FA2F78 /* Assets.xcassets */; };
		CC26BCE4243E2E6000FA2F78 /* LaunchScreen.storyboard in Resources */ = {isa = PBXBuildFile; fileRef = CC26BCE2243E2E6000FA2F78 /* LaunchScreen.storyboard */; };
		CC26BCEF243E2E6000FA2F78 /* RedkertTests.swift in Sources */ = {isa = PBXBuildFile; fileRef = CC26BCEE243E2E6000FA2F78 /* RedkertTests.swift */; };
		CC26BCFA243E2E6000FA2F78 /* RedkertUITests.swift in Sources */ = {isa = PBXBuildFile; fileRef = CC26BCF9243E2E6000FA2F78 /* RedkertUITests.swift */; };
		CC26BD09243E2EC600FA2F78 /* WebKit.framework in Frameworks */ = {isa = PBXBuildFile; fileRef = CC26BD08243E2EC600FA2F78 /* WebKit.framework */; };
/* End PBXBuildFile section */

/* Begin PBXContainerItemProxy section */
		CC26BCEB243E2E6000FA2F78 /* PBXContainerItemProxy */ = {
			isa = PBXContainerItemProxy;
			containerPortal = CC26BCCE243E2E5D00FA2F78 /* Project object */;
			proxyType = 1;
			remoteGlobalIDString = CC26BCD5243E2E5D00FA2F78;
			remoteInfo = Redkert;
		};
		CC26BCF6243E2E6000FA2F78 /* PBXContainerItemProxy */ = {
			isa = PBXContainerItemProxy;
			containerPortal = CC26BCCE243E2E5D00FA2F78 /* Project object */;
			proxyType = 1;
			remoteGlobalIDString = CC26BCD5243E2E5D00FA2F78;
			remoteInfo = Redkert;
		};
/* End PBXContainerItemProxy section */

/* Begin PBXFileReference section */
		CC26BCD6243E2E5D00FA2F78 /* Redkert.app */ = {isa = PBXFileReference; explicitFileType = wrapper.application; includeInIndex = 0; path = Redkert.app; sourceTree = BUILT_PRODUCTS_DIR; };
		CC26BCD9243E2E5D00FA2F78 /* AppDelegate.swift */ = {isa = PBXFileReference; lastKnownFileType = sourcecode.swift; path = AppDelegate.swift; sourceTree = "<group>"; };
		CC26BCDB243E2E5D00FA2F78 /* ViewController.swift */ = {isa = PBXFileReference; lastKnownFileType = sourcecode.swift; path = ViewController.swift; sourceTree = "<group>"; };
		CC26BCDE243E2E5D00FA2F78 /* Base */ = {isa = PBXFileReference; lastKnownFileType = file.storyboard; name = Base; path = Base.lproj/Main.storyboard; sourceTree = "<group>"; };
		CC26BCE0243E2E6000FA2F78 /* Assets.xcassets */ = {isa = PBXFileReference; lastKnownFileType = folder.assetcatalog; path = Assets.xcassets; sourceTree = "<group>"; };
		CC26BCE3243E2E6000FA2F78 /* Base */ = {isa = PBXFileReference; lastKnownFileType = file.storyboard; name = Base; path = Base.lproj/LaunchScreen.storyboard; sourceTree = "<group>"; };
		CC26BCE5243E2E6000FA2F78 /* Info.plist */ = {isa = PBXFileReference; lastKnownFileType = text.plist.xml; path = Info.plist; sourceTree = "<group>"; };
		CC26BCEA243E2E6000FA2F78 /* RedkertTests.xctest */ = {isa = PBXFileReference; explicitFileType = wrapper.cfbundle; includeInIndex = 0; path = RedkertTests.xctest; sourceTree = BUILT_PRODUCTS_DIR; };
		CC26BCEE243E2E6000FA2F78 /* RedkertTests.swift */ = {isa = PBXFileReference; lastKnownFileType = sourcecode.swift; path = RedkertTests.swift; sourceTree = "<group>"; };
		CC26BCF0243E2E6000FA2F78 /* Info.plist */ = {isa = PBXFileReference; lastKnownFileType = text.plist.xml; path = Info.plist; sourceTree = "<group>"; };
		CC26BCF5243E2E6000FA2F78 /* RedkertUITests.xctest */ = {isa = PBXFileReference; explicitFileType = wrapper.cfbundle; includeInIndex = 0; path = RedkertUITests.xctest; sourceTree = BUILT_PRODUCTS_DIR; };
		CC26BCF9243E2E6000FA2F78 /* RedkertUITests.swift */ = {isa = PBXFileReference; lastKnownFileType = sourcecode.swift; path = RedkertUITests.swift; sourceTree = "<group>"; };
		CC26BCFB243E2E6000FA2F78 /* Info.plist */ = {isa = PBXFileReference; lastKnownFileType = text.plist.xml; path = Info.plist; sourceTree = "<group>"; };
		CC26BD08243E2EC600FA2F78 /* WebKit.framework */ = {isa = PBXFileReference; lastKnownFileType = wrapper.framework; name = WebKit.framework; path = System/Library/Frameworks/WebKit.framework; sourceTree = SDKROOT; };
/* End PBXFileReference section */

/* Begin PBXFrameworksBuildPhase section */
		CC26BCD3243E2E5D00FA2F78 /* Frameworks */ = {
			isa = PBXFrameworksBuildPhase;
			buildActionMask = 2147483647;
			files = (
				CC26BD09243E2EC600FA2F78 /* WebKit.framework in Frameworks */,
			);
			runOnlyForDeploymentPostprocessing = 0;
		};
		CC26BCE7243E2E6000FA2F78 /* Frameworks */ = {
			isa = PBXFrameworksBuildPhase;
			buildActionMask = 2147483647;
			files = (
			);
			runOnlyForDeploymentPostprocessing = 0;
		};
		CC26BCF2243E2E6000FA2F78 /* Frameworks */ = {
			isa = PBXFrameworksBuildPhase;
			buildActionMask = 2147483647;
			files = (
			);
			runOnlyForDeploymentPostprocessing = 0;
		};
/* End PBXFrameworksBuildPhase section */

/* Begin PBXGroup section */
		CC26BCCD243E2E5D00FA2F78 = {
			isa = PBXGroup;
			children = (
				CC26BCD8243E2E5D00FA2F78 /* Redkert */,
				CC26BCED243E2E6000FA2F78 /* RedkertTests */,
				CC26BCF8243E2E6000FA2F78 /* RedkertUITests */,
				CC26BCD7243E2E5D00FA2F78 /* Products */,
				CC26BD07243E2EC600FA2F78 /* Frameworks */,
			);
			sourceTree = "<group>";
		};
		CC26BCD7243E2E5D00FA2F78 /* Products */ = {
			isa = PBXGroup;
			children = (
				CC26BCD6243E2E5D00FA2F78 /* Redkert.app */,
				CC26BCEA243E2E6000FA2F78 /* RedkertTests.xctest */,
				CC26BCF5243E2E6000FA2F78 /* RedkertUITests.xctest */,
			);
			name = Products;
			sourceTree = "<group>";
		};
		CC26BCD8243E2E5D00FA2F78 /* Redkert */ = {
			isa = PBXGroup;
			children = (
				CC26BCD9243E2E5D00FA2F78 /* AppDelegate.swift */,
				CC26BCDB243E2E5D00FA2F78 /* ViewController.swift */,
				CC26BCDD243E2E5D00FA2F78 /* Main.storyboard */,
				CC26BCE0243E2E6000FA2F78 /* Assets.xcassets */,
				CC26BCE2243E2E6000FA2F78 /* LaunchScreen.storyboard */,
				CC26BCE5243E2E6000FA2F78 /* Info.plist */,
			);
			path = Redkert;
			sourceTree = "<group>";
		};
		CC26BCED243E2E6000FA2F78 /* RedkertTests */ = {
			isa = PBXGroup;
			children = (
				CC26BCEE243E2E6000FA2F78 /* RedkertTests.swift */,
				CC26BCF0243E2E6000FA2F78 /* Info.plist */,
			);
			path = RedkertTests;
			sourceTree = "<group>";
		};
		CC26BCF8243E2E6000FA2F78 /* RedkertUITests */ = {
			isa = PBXGroup;
			children = (
				CC26BCF9243E2E6000FA2F78 /* RedkertUITests.swift */,
				CC26BCFB243E2E6000FA2F78 /* Info.plist */,
			);
			path = RedkertUITests;
			sourceTree = "<group>";
		};
		CC26BD07243E2EC600FA2F78 /* Frameworks */ = {
			isa = PBXGroup;
			children = (
				CC26BD08243E2EC600FA2F78 /* WebKit.framework */,
			);
			name = Frameworks;
			sourceTree = "<group>";
		};
/* End PBXGroup section */

/* Begin PBXNativeTarget section */
		CC26BCD5243E2E5D00FA2F78 /* Redkert */ = {
			isa = PBXNativeTarget;
			buildConfigurationList = CC26BCFE243E2E6000FA2F78 /* Build configuration list for PBXNativeTarget "Redkert" */;
			buildPhases = (
				CC26BCD2243E2E5D00FA2F78 /* Sources */,
				CC26BCD3243E2E5D00FA2F78 /* Frameworks */,
				CC26BCD4243E2E5D00FA2F78 /* Resources */,
			);
			buildRules = (
			);
			dependencies = (
			);
			name = Redkert;
			productName = Redkert;
			productReference = CC26BCD6243E2E5D00FA2F78 /* Redkert.app */;
			productType = "com.apple.product-type.application";
		};
		CC26BCE9243E2E6000FA2F78 /* RedkertTests */ = {
			isa = PBXNativeTarget;
			buildConfigurationList = CC26BD01243E2E6000FA2F78 /* Build configuration list for PBXNativeTarget "RedkertTests" */;
			buildPhases = (
				CC26BCE6243E2E6000FA2F78 /* Sources */,
				CC26BCE7243E2E6000FA2F78 /* Frameworks */,
				CC26BCE8243E2E6000FA2F78 /* Resources */,
			);
			buildRules = (
			);
			dependencies = (
				CC26BCEC243E2E6000FA2F78 /* PBXTargetDependency */,
			);
			name = RedkertTests;
			productName = RedkertTests;
			productReference = CC26BCEA243E2E6000FA2F78 /* RedkertTests.xctest */;
			productType = "com.apple.product-type.bundle.unit-test";
		};
		CC26BCF4243E2E6000FA2F78 /* RedkertUITests */ = {
			isa = PBXNativeTarget;
			buildConfigurationList = CC26BD04243E2E6000FA2F78 /* Build configuration list for PBXNativeTarget "RedkertUITests" */;
			buildPhases = (
				CC26BCF1243E2E6000FA2F78 /* Sources */,
				CC26BCF2243E2E6000FA2F78 /* Frameworks */,
				CC26BCF3243E2E6000FA2F78 /* Resources */,
			);
			buildRules = (
			);
			dependencies = (
				CC26BCF7243E2E6000FA2F78 /* PBXTargetDependency */,
			);
			name = RedkertUITests;
			productName = RedkertUITests;
			productReference = CC26BCF5243E2E6000FA2F78 /* RedkertUITests.xctest */;
			productType = "com.apple.product-type.bundle.ui-testing";
		};
/* End PBXNativeTarget section */

/* Begin PBXProject section */
		CC26BCCE243E2E5D00FA2F78 /* Project object */ = {
			isa = PBXProject;
			attributes = {
				LastSwiftUpdateCheck = 1030;
				LastUpgradeCheck = 1030;
				ORGANIZATIONNAME = "Rajshekhar Sahu";
				TargetAttributes = {
					CC26BCD5243E2E5D00FA2F78 = {
						CreatedOnToolsVersion = 10.3;
					};
					CC26BCE9243E2E6000FA2F78 = {
						CreatedOnToolsVersion = 10.3;
						TestTargetID = CC26BCD5243E2E5D00FA2F78;
					};
					CC26BCF4243E2E6000FA2F78 = {
						CreatedOnToolsVersion = 10.3;
						TestTargetID = CC26BCD5243E2E5D00FA2F78;
					};
				};
			};
			buildConfigurationList = CC26BCD1243E2E5D00FA2F78 /* Build configuration list for PBXProject "Redkert" */;
			compatibilityVersion = "Xcode 9.3";
			developmentRegion = en;
			hasScannedForEncodings = 0;
			knownRegions = (
				en,
				Base,
			);
			mainGroup = CC26BCCD243E2E5D00FA2F78;
			productRefGroup = CC26BCD7243E2E5D00FA2F78 /* Products */;
			projectDirPath = "";
			projectRoot = "";
			targets = (
				CC26BCD5243E2E5D00FA2F78 /* Redkert */,
				CC26BCE9243E2E6000FA2F78 /* RedkertTests */,
				CC26BCF4243E2E6000FA2F78 /* RedkertUITests */,
			);
		};
/* End PBXProject section */

/* Begin PBXResourcesBuildPhase section */
		CC26BCD4243E2E5D00FA2F78 /* Resources */ = {
			isa = PBXResourcesBuildPhase;
			buildActionMask = 2147483647;
			files = (
				CC26BCE4243E2E6000FA2F78 /* LaunchScreen.storyboard in Resources */,
				CC26BCE1243E2E6000FA2F78 /* Assets.xcassets in Resources */,
				CC26BCDF243E2E5D00FA2F78 /* Main.storyboard in Resources */,
			);
			runOnlyForDeploymentPostprocessing = 0;
		};
		CC26BCE8243E2E6000FA2F78 /* Resources */ = {
			isa = PBXResourcesBuildPhase;
			buildActionMask = 2147483647;
			files = (
			);
			runOnlyForDeploymentPostprocessing = 0;
		};
		CC26BCF3243E2E6000FA2F78 /* Resources */ = {
			isa = PBXResourcesBuildPhase;
			buildActionMask = 2147483647;
			files = (
			);
			runOnlyForDeploymentPostprocessing = 0;
		};
/* End PBXResourcesBuildPhase section */

/* Begin PBXSourcesBuildPhase section */
		CC26BCD2243E2E5D00FA2F78 /* Sources */ = {
			isa = PBXSourcesBuildPhase;
			buildActionMask = 2147483647;
			files = (
				CC26BCDC243E2E5D00FA2F78 /* ViewController.swift in Sources */,
				CC26BCDA243E2E5D00FA2F78 /* AppDelegate.swift in Sources */,
			);
			runOnlyForDeploymentPostprocessing = 0;
		};
		CC26BCE6243E2E6000FA2F78 /* Sources */ = {
			isa = PBXSourcesBuildPhase;
			buildActionMask = 2147483647;
			files = (
				CC26BCEF243E2E6000FA2F78 /* RedkertTests.swift in Sources */,
			);
			runOnlyForDeploymentPostprocessing = 0;
		};
		CC26BCF1243E2E6000FA2F78 /* Sources */ = {
			isa = PBXSourcesBuildPhase;
			buildActionMask = 2147483647;
			files = (
				CC26BCFA243E2E6000FA2F78 /* RedkertUITests.swift in Sources */,
			);
			runOnlyForDeploymentPostprocessing = 0;
		};
/* End PBXSourcesBuildPhase section */

/* Begin PBXTargetDependency section */
		CC26BCEC243E2E6000FA2F78 /* PBXTargetDependency */ = {
			isa = PBXTargetDependency;
			target = CC26BCD5243E2E5D00FA2F78 /* Redkert */;
			targetProxy = CC26BCEB243E2E6000FA2F78 /* PBXContainerItemProxy */;
		};
		CC26BCF7243E2E6000FA2F78 /* PBXTargetDependency */ = {
			isa = PBXTargetDependency;
			target = CC26BCD5243E2E5D00FA2F78 /* Redkert */;
			targetProxy = CC26BCF6243E2E6000FA2F78 /* PBXContainerItemProxy */;
		};
/* End PBXTargetDependency section */

/* Begin PBXVariantGroup section */
		CC26BCDD243E2E5D00FA2F78 /* Main.storyboard */ = {
			isa = PBXVariantGroup;
			children = (
				CC26BCDE243E2E5D00FA2F78 /* Base */,
			);
			name = Main.storyboard;
			sourceTree = "<group>";
		};
		CC26BCE2243E2E6000FA2F78 /* LaunchScreen.storyboard */ = {
			isa = PBXVariantGroup;
			children = (
				CC26BCE3243E2E6000FA2F78 /* Base */,
			);
			name = LaunchScreen.storyboard;
			sourceTree = "<group>";
		};
/* End PBXVariantGroup section */

/* Begin XCBuildConfiguration section */
		CC26BCFC243E2E6000FA2F78 /* Debug */ = {
			isa = XCBuildConfiguration;
			buildSettings = {
				ALWAYS_SEARCH_USER_PATHS = NO;
				CLANG_ANALYZER_NONNULL = YES;
				CLANG_ANALYZER_NUMBER_OBJECT_CONVERSION = YES_AGGRESSIVE;
				CLANG_CXX_LANGUAGE_STANDARD = "gnu++14";
				CLANG_CXX_LIBRARY = "libc++";
				CLANG_ENABLE_MODULES = YES;
				CLANG_ENABLE_OBJC_ARC = YES;
				CLANG_ENABLE_OBJC_WEAK = YES;
				CLANG_WARN_BLOCK_CAPTURE_AUTORELEASING = YES;
				CLANG_WARN_BOOL_CONVERSION = YES;
				CLANG_WARN_COMMA = YES;
				CLANG_WARN_CONSTANT_CONVERSION = YES;
				CLANG_WARN_DEPRECATED_OBJC_IMPLEMENTATIONS = YES;
				CLANG_WARN_DIRECT_OBJC_ISA_USAGE = YES_ERROR;
				CLANG_WARN_DOCUMENTATION_COMMENTS = YES;
				CLANG_WARN_EMPTY_BODY = YES;
				CLANG_WARN_ENUM_CONVERSION = YES;
				CLANG_WARN_INFINITE_RECURSION = YES;
				CLANG_WARN_INT_CONVERSION = YES;
				CLANG_WARN_NON_LITERAL_NULL_CONVERSION = YES;
				CLANG_WARN_OBJC_IMPLICIT_RETAIN_SELF = YES;
				CLANG_WARN_OBJC_LITERAL_CONVERSION = YES;
				CLANG_WARN_OBJC_ROOT_CLASS = YES_ERROR;
				CLANG_WARN_RANGE_LOOP_ANALYSIS = YES;
				CLANG_WARN_STRICT_PROTOTYPES = YES;
				CLANG_WARN_SUSPICIOUS_MOVE = YES;
				CLANG_WARN_UNGUARDED_AVAILABILITY = YES_AGGRESSIVE;
				CLANG_WARN_UNREACHABLE_CODE = YES;
				CLANG_WARN__DUPLICATE_METHOD_MATCH = YES;
				CODE_SIGN_IDENTITY = "Apple Distribution: Shovanik Majumdar (DN3VQ9SL3L)";
				CODE_SIGN_STYLE = Manual;
				COPY_PHASE_STRIP = NO;
				DEBUG_INFORMATION_FORMAT = dwarf;
				ENABLE_STRICT_OBJC_MSGSEND = YES;
				ENABLE_TESTABILITY = YES;
				GCC_C_LANGUAGE_STANDARD = gnu11;
				GCC_DYNAMIC_NO_PIC = NO;
				GCC_NO_COMMON_BLOCKS = YES;
				GCC_OPTIMIZATION_LEVEL = 0;
				GCC_PREPROCESSOR_DEFINITIONS = (
					"DEBUG=1",
					"$(inherited)",
				);
				GCC_WARN_64_TO_32_BIT_CONVERSION = YES;
				GCC_WARN_ABOUT_RETURN_TYPE = YES_ERROR;
				GCC_WARN_UNDECLARED_SELECTOR = YES;
				GCC_WARN_UNINITIALIZED_AUTOS = YES_AGGRESSIVE;
				GCC_WARN_UNUSED_FUNCTION = YES;
				GCC_WARN_UNUSED_VARIABLE = YES;
				IPHONEOS_DEPLOYMENT_TARGET = 12.0;
				MTL_ENABLE_DEBUG_INFO = INCLUDE_SOURCE;
				MTL_FAST_MATH = YES;
				ONLY_ACTIVE_ARCH = YES;
				SDKROOT = iphoneos;
				SWIFT_ACTIVE_COMPILATION_CONDITIONS = DEBUG;
				SWIFT_OPTIMIZATION_LEVEL = "-Onone";
			};
			name = Debug;
		};
		CC26BCFD243E2E6000FA2F78 /* Release */ = {
			isa = XCBuildConfiguration;
			buildSettings = {
				ALWAYS_SEARCH_USER_PATHS = NO;
				CLANG_ANALYZER_NONNULL = YES;
				CLANG_ANALYZER_NUMBER_OBJECT_CONVERSION = YES_AGGRESSIVE;
				CLANG_CXX_LANGUAGE_STANDARD = "gnu++14";
				CLANG_CXX_LIBRARY = "libc++";
				CLANG_ENABLE_MODULES = YES;
				CLANG_ENABLE_OBJC_ARC = YES;
				CLANG_ENABLE_OBJC_WEAK = YES;
				CLANG_WARN_BLOCK_CAPTURE_AUTORELEASING = YES;
				CLANG_WARN_BOOL_CONVERSION = YES;
				CLANG_WARN_COMMA = YES;
				CLANG_WARN_CONSTANT_CONVERSION = YES;
				CLANG_WARN_DEPRECATED_OBJC_IMPLEMENTATIONS = YES;
				CLANG_WARN_DIRECT_OBJC_ISA_USAGE = YES_ERROR;
				CLANG_WARN_DOCUMENTATION_COMMENTS = YES;
				CLANG_WARN_EMPTY_BODY = YES;
				CLANG_WARN_ENUM_CONVERSION = YES;
				CLANG_WARN_INFINITE_RECURSION = YES;
				CLANG_WARN_INT_CONVERSION = YES;
				CLANG_WARN_NON_LITERAL_NULL_CONVERSION = YES;
				CLANG_WARN_OBJC_IMPLICIT_RETAIN_SELF = YES;
				CLANG_WARN_OBJC_LITERAL_CONVERSION = YES;
				CLANG_WARN_OBJC_ROOT_CLASS = YES_ERROR;
				CLANG_WARN_RANGE_LOOP_ANALYSIS = YES;
				CLANG_WARN_STRICT_PROTOTYPES = YES;
				CLANG_WARN_SUSPICIOUS_MOVE = YES;
				CLANG_WARN_UNGUARDED_AVAILABILITY = YES_AGGRESSIVE;
				CLANG_WARN_UNREACHABLE_CODE = YES;
				CLANG_WARN__DUPLICATE_METHOD_MATCH = YES;
				CODE_SIGN_IDENTITY = "Apple Distribution: Shovanik Majumdar (DN3VQ9SL3L)";
				CODE_SIGN_STYLE = Manual;
				COPY_PHASE_STRIP = NO;
				DEBUG_INFORMATION_FORMAT = "dwarf-with-dsym";
				ENABLE_NS_ASSERTIONS = NO;
				ENABLE_STRICT_OBJC_MSGSEND = YES;
				GCC_C_LANGUAGE_STANDARD = gnu11;
				GCC_NO_COMMON_BLOCKS = YES;
				GCC_WARN_64_TO_32_BIT_CONVERSION = YES;
				GCC_WARN_ABOUT_RETURN_TYPE = YES_ERROR;
				GCC_WARN_UNDECLARED_SELECTOR = YES;
				GCC_WARN_UNINITIALIZED_AUTOS = YES_AGGRESSIVE;
				GCC_WARN_UNUSED_FUNCTION = YES;
				GCC_WARN_UNUSED_VARIABLE = YES;
				IPHONEOS_DEPLOYMENT_TARGET = 12.0;
				MTL_ENABLE_DEBUG_INFO = NO;
				MTL_FAST_MATH = YES;
				SDKROOT = iphoneos;
				SWIFT_COMPILATION_MODE = wholemodule;
				SWIFT_OPTIMIZATION_LEVEL = "-O";
				VALIDATE_PRODUCT = YES;
			};
			name = Release;
		};
		CC26BCFF243E2E6000FA2F78 /* Debug */ = {
			isa = XCBuildConfiguration;
			buildSettings = {
				ASSETCATALOG_COMPILER_APPICON_NAME = AppIcon;
				CODE_SIGN_IDENTITY = "iPhone Developer";
				CODE_SIGN_STYLE = Automatic;
				DEVELOPMENT_TEAM = DN3VQ9SL3L;
				INFOPLIST_FILE = Redkert/Info.plist;
				LD_RUNPATH_SEARCH_PATHS = (
					"$(inherited)",
					"@executable_path/Frameworks",
				);
				PRODUCT_BUNDLE_IDENTIFIER = com.techpro.redkert;
				PRODUCT_NAME = "$(TARGET_NAME)";
				PROVISIONING_PROFILE_SPECIFIER = "";
				SWIFT_VERSION = 5.0;
				TARGETED_DEVICE_FAMILY = 1;
			};
			name = Debug;
		};
		CC26BD00243E2E6000FA2F78 /* Release */ = {
			isa = XCBuildConfiguration;
			buildSettings = {
				ASSETCATALOG_COMPILER_APPICON_NAME = AppIcon;
				CODE_SIGN_IDENTITY = "iPhone Developer";
				CODE_SIGN_STYLE = Automatic;
				DEVELOPMENT_TEAM = DN3VQ9SL3L;
				INFOPLIST_FILE = Redkert/Info.plist;
				LD_RUNPATH_SEARCH_PATHS = (
					"$(inherited)",
					"@executable_path/Frameworks",
				);
				PRODUCT_BUNDLE_IDENTIFIER = com.techpro.redkert;
				PRODUCT_NAME = "$(TARGET_NAME)";
				PROVISIONING_PROFILE_SPECIFIER = "";
				SWIFT_VERSION = 5.0;
				TARGETED_DEVICE_FAMILY = 1;
			};
			name = Release;
		};
		CC26BD02243E2E6000FA2F78 /* Debug */ = {
			isa = XCBuildConfiguration;
			buildSettings = {
				ALWAYS_EMBED_SWIFT_STANDARD_LIBRARIES = YES;
				BUNDLE_LOADER = "$(TEST_HOST)";
				CODE_SIGN_STYLE = Automatic;
				INFOPLIST_FILE = RedkertTests/Info.plist;
				LD_RUNPATH_SEARCH_PATHS = (
					"$(inherited)",
					"@executable_path/Frameworks",
					"@loader_path/Frameworks",
				);
				PRODUCT_BUNDLE_IDENTIFIER = com.raj.RedkertTests;
				PRODUCT_NAME = "$(TARGET_NAME)";
				SWIFT_VERSION = 5.0;
				TARGETED_DEVICE_FAMILY = "1,2";
				TEST_HOST = "$(BUILT_PRODUCTS_DIR)/Redkert.app/Redkert";
			};
			name = Debug;
		};
		CC26BD03243E2E6000FA2F78 /* Release */ = {
			isa = XCBuildConfiguration;
			buildSettings = {
				ALWAYS_EMBED_SWIFT_STANDARD_LIBRARIES = YES;
				BUNDLE_LOADER = "$(TEST_HOST)";
				CODE_SIGN_STYLE = Automatic;
				INFOPLIST_FILE = RedkertTests/Info.plist;
				LD_RUNPATH_SEARCH_PATHS = (
					"$(inherited)",
					"@executable_path/Frameworks",
					"@loader_path/Frameworks",
				);
				PRODUCT_BUNDLE_IDENTIFIER = com.raj.RedkertTests;
				PRODUCT_NAME = "$(TARGET_NAME)";
				SWIFT_VERSION = 5.0;
				TARGETED_DEVICE_FAMILY = "1,2";
				TEST_HOST = "$(BUILT_PRODUCTS_DIR)/Redkert.app/Redkert";
			};
			name = Release;
		};
		CC26BD05243E2E6000FA2F78 /* Debug */ = {
			isa = XCBuildConfiguration;
			buildSettings = {
				ALWAYS_EMBED_SWIFT_STANDARD_LIBRARIES = YES;
				CODE_SIGN_STYLE = Automatic;
				INFOPLIST_FILE = RedkertUITests/Info.plist;
				LD_RUNPATH_SEARCH_PATHS = (
					"$(inherited)",
					"@executable_path/Frameworks",
					"@loader_path/Frameworks",
				);
				PRODUCT_BUNDLE_IDENTIFIER = com.raj.RedkertUITests;
				PRODUCT_NAME = "$(TARGET_NAME)";
				SWIFT_VERSION = 5.0;
				TARGETED_DEVICE_FAMILY = "1,2";
				TEST_TARGET_NAME = Redkert;
			};
			name = Debug;
		};
		CC26BD06243E2E6000FA2F78 /* Release */ = {
			isa = XCBuildConfiguration;
			buildSettings = {
				ALWAYS_EMBED_SWIFT_STANDARD_LIBRARIES = YES;
				CODE_SIGN_STYLE = Automatic;
				INFOPLIST_FILE = RedkertUITests/Info.plist;
				LD_RUNPATH_SEARCH_PATHS = (
					"$(inherited)",
					"@executable_path/Frameworks",
					"@loader_path/Frameworks",
				);
				PRODUCT_BUNDLE_IDENTIFIER = com.raj.RedkertUITests;
				PRODUCT_NAME = "$(TARGET_NAME)";
				SWIFT_VERSION = 5.0;
				TARGETED_DEVICE_FAMILY = "1,2";
				TEST_TARGET_NAME = Redkert;
			};
			name = Release;
		};
/* End XCBuildConfiguration section */

/* Begin XCConfigurationList section */
		CC26BCD1243E2E5D00FA2F78 /* Build configuration list for PBXProject "Redkert" */ = {
			isa = XCConfigurationList;
			buildConfigurations = (
				CC26BCFC243E2E6000FA2F78 /* Debug */,
				CC26BCFD243E2E6000FA2F78 /* Release */,
			);
			defaultConfigurationIsVisible = 0;
			defaultConfigurationName = Debug;
		};
		CC26BCFE243E2E6000FA2F78 /* Build configuration list for PBXNativeTarget "Redkert" */ = {
			isa = XCConfigurationList;
			buildConfigurations = (
				CC26BCFF243E2E6000FA2F78 /* Debug */,
				CC26BD00243E2E6000FA2F78 /* Release */,
			);
			defaultConfigurationIsVisible = 0;
			defaultConfigurationName = Debug;
		};
		CC26BD01243E2E6000FA2F78 /* Build configuration list for PBXNativeTarget "RedkertTests" */ = {
			isa = XCConfigurationList;
			buildConfigurations = (
				CC26BD02243E2E6000FA2F78 /* Debug */,
				CC26BD03243E2E6000FA2F78 /* Release */,
			);
			defaultConfigurationIsVisible = 0;
			defaultConfigurationName = Debug;
		};
		CC26BD04243E2E6000FA2F78 /* Build configuration list for PBXNativeTarget "RedkertUITests" */ = {
			isa = XCConfigurationList;
			buildConfigurations = (
				CC26BD05243E2E6000FA2F78 /* Debug */,
				CC26BD06243E2E6000FA2F78 /* Release */,
			);
			defaultConfigurationIsVisible = 0;
			defaultConfigurationName = Debug;
		};
/* End XCConfigurationList section */
	};
	rootObject = CC26BCCE243E2E5D00FA2F78 /* Project object */;
}
